// !$*UTF8*$!
{
	archiveVersion = 1;
	classes = {
	};
	objectVersion = 77;
	objects = {

/* Begin PBXContainerItemProxy section */
		757D5F002E492642007BB87A /* PBXContainerItemProxy */ = {
			isa = PBXContainerItemProxy;
			containerPortal = 757D5EE92E492640007BB87A /* Project object */;
			proxyType = 1;
			remoteGlobalIDString = 757D5EF02E492640007BB87A;
			remoteInfo = MarvelComicsStatusBar;
		};
		757D5F0A2E492642007BB87A /* PBXContainerItemProxy */ = {
			isa = PBXContainerItemProxy;
			containerPortal = 757D5EE92E492640007BB87A /* Project object */;
			proxyType = 1;
			remoteGlobalIDString = 757D5EF02E492640007BB87A;
			remoteInfo = MarvelComicsStatusBar;
		};
/* End PBXContainerItemProxy section */

/* Begin PBXFileReference section */
		757D5EF12E492640007BB87A /* MarvelComicsStatusBar.app */ = {isa = PBXFileReference; explicitFileType = wrapper.application; includeInIndex = 0; path = MarvelComicsStatusBar.app; sourceTree = BUILT_PRODUCTS_DIR; };
		757D5EFF2E492642007BB87A /* MarvelComicsStatusBarTests.xctest */ = {isa = PBXFileReference; explicitFileType = wrapper.cfbundle; includeInIndex = 0; path = MarvelComicsStatusBarTests.xctest; sourceTree = BUILT_PRODUCTS_DIR; };
		757D5F092E492642007BB87A /* MarvelComicsStatusBarUITests.xctest */ = {isa = PBXFileReference; explicitFileType = wrapper.cfbundle; includeInIndex = 0; path = MarvelComicsStatusBarUITests.xctest; sourceTree = BUILT_PRODUCTS_DIR; };
/* End PBXFileReference section */

/* Begin PBXFileSystemSynchronizedRootGroup section */
		757D5EF32E492640007BB87A /* MarvelComicsStatusBar */ = {
			isa = PBXFileSystemSynchronizedRootGroup;
			path = MarvelComicsStatusBar;
			sourceTree = "<group>";
		};
		757D5F022E492642007BB87A /* MarvelComicsStatusBarTests */ = {
			isa = PBXFileSystemSynchronizedRootGroup;
			path = MarvelComicsStatusBarTests;
			sourceTree = "<group>";
		};
		757D5F0C2E492642007BB87A /* MarvelComicsStatusBarUITests */ = {
			isa = PBXFileSystemSynchronizedRootGroup;
			path = MarvelComicsStatusBarUITests;
			sourceTree = "<group>";
		};
/* End PBXFileSystemSynchronizedRootGroup section */

/* Begin PBXFrameworksBuildPhase section */
		757D5EEE2E492640007BB87A /* Frameworks */ = {
			isa = PBXFrameworksBuildPhase;
			buildActionMask = 2147483647;
			files = (
			);
			runOnlyForDeploymentPostprocessing = 0;
		};
		757D5EFC2E492642007BB87A /* Frameworks */ = {
			isa = PBXFrameworksBuildPhase;
			buildActionMask = 2147483647;
			files = (
			);
			runOnlyForDeploymentPostprocessing = 0;
		};
		757D5F062E492642007BB87A /* Frameworks */ = {
			isa = PBXFrameworksBuildPhase;
			buildActionMask = 2147483647;
			files = (
			);
			runOnlyForDeploymentPostprocessing = 0;
		};
/* End PBXFrameworksBuildPhase section */

/* Begin PBXGroup section */
		757D5EE82E492640007BB87A = {
			isa = PBXGroup;
			children = (
				757D5EF32E492640007BB87A /* MarvelComicsStatusBar */,
				757D5F022E492642007BB87A /* MarvelComicsStatusBarTests */,
				757D5F0C2E492642007BB87A /* MarvelComicsStatusBarUITests */,
				757D5EF22E492640007BB87A /* Products */,
			);
			sourceTree = "<group>";
		};
		757D5EF22E492640007BB87A /* Products */ = {
			isa = PBXGroup;
			children = (
				757D5EF12E492640007BB87A /* MarvelComicsStatusBar.app */,
				757D5EFF2E492642007BB87A /* MarvelComicsStatusBarTests.xctest */,
				757D5F092E492642007BB87A /* MarvelComicsStatusBarUITests.xctest */,
			);
			name = Products;
			sourceTree = "<group>";
		};
/* End PBXGroup section */

/* Begin PBXNativeTarget section */
		757D5EF02E492640007BB87A /* MarvelComicsStatusBar */ = {
			isa = PBXNativeTarget;
			buildConfigurationList = 757D5F132E492642007BB87A /* Build configuration list for PBXNativeTarget "MarvelComicsStatusBar" */;
			buildPhases = (
				757D5EED2E492640007BB87A /* Sources */,
				757D5EEE2E492640007BB87A /* Frameworks */,
				757D5EEF2E492640007BB87A /* Resources */,
			);
			buildRules = (
			);
			dependencies = (
			);
			fileSystemSynchronizedGroups = (
				757D5EF32E492640007BB87A /* MarvelComicsStatusBar */,
			);
			name = MarvelComicsStatusBar;
			packageProductDependencies = (
			);
			productName = MarvelComicsStatusBar;
			productReference = 757D5EF12E492640007BB87A /* MarvelComicsStatusBar.app */;
			productType = "com.apple.product-type.application";
		};
		757D5EFE2E492642007BB87A /* MarvelComicsStatusBarTests */ = {
			isa = PBXNativeTarget;
			buildConfigurationList = 757D5F162E492642007BB87A /* Build configuration list for PBXNativeTarget "MarvelComicsStatusBarTests" */;
			buildPhases = (
				757D5EFB2E492642007BB87A /* Sources */,
				757D5EFC2E492642007BB87A /* Frameworks */,
				757D5EFD2E492642007BB87A /* Resources */,
			);
			buildRules = (
			);
			dependencies = (
				757D5F012E492642007BB87A /* PBXTargetDependency */,
			);
			fileSystemSynchronizedGroups = (
				757D5F022E492642007BB87A /* MarvelComicsStatusBarTests */,
			);
			name = MarvelComicsStatusBarTests;
			packageProductDependencies = (
			);
			productName = MarvelComicsStatusBarTests;
			productReference = 757D5EFF2E492642007BB87A /* MarvelComicsStatusBarTests.xctest */;
			productType = "com.apple.product-type.bundle.unit-test";
		};
		757D5F082E492642007BB87A /* MarvelComicsStatusBarUITests */ = {
			isa = PBXNativeTarget;
			buildConfigurationList = 757D5F192E492642007BB87A /* Build configuration list for PBXNativeTarget "MarvelComicsStatusBarUITests" */;
			buildPhases = (
				757D5F052E492642007BB87A /* Sources */,
				757D5F062E492642007BB87A /* Frameworks */,
				757D5F072E492642007BB87A /* Resources */,
			);
			buildRules = (
			);
			dependencies = (
				757D5F0B2E492642007BB87A /* PBXTargetDependency */,
			);
			fileSystemSynchronizedGroups = (
				757D5F0C2E492642007BB87A /* MarvelComicsStatusBarUITests */,
			);
			name = MarvelComicsStatusBarUITests;
			packageProductDependencies = (
			);
			productName = MarvelComicsStatusBarUITests;
			productReference = 757D5F092E492642007BB87A /* MarvelComicsStatusBarUITests.xctest */;
			productType = "com.apple.product-type.bundle.ui-testing";
		};
/* End PBXNativeTarget section */

/* Begin PBXProject section */
		757D5EE92E492640007BB87A /* Project object */ = {
			isa = PBXProject;
			attributes = {
				BuildIndependentTargetsInParallel = 1;
				LastSwiftUpdateCheck = 1640;
				LastUpgradeCheck = 1640;
				TargetAttributes = {
					757D5EF02E492640007BB87A = {
						CreatedOnToolsVersion = 16.4;
					};
					757D5EFE2E492642007BB87A = {
						CreatedOnToolsVersion = 16.4;
						TestTargetID = 757D5EF02E492640007BB87A;
					};
					757D5F082E492642007BB87A = {
						CreatedOnToolsVersion = 16.4;
						TestTargetID = 757D5EF02E492640007BB87A;
					};
				};
			};
			buildConfigurationList = 757D5EEC2E492640007BB87A /* Build configuration list for PBXProject "MarvelComicsStatusBar" */;
			developmentRegion = en;
			hasScannedForEncodings = 0;
			knownRegions = (
				en,
				Base,
			);
			mainGroup = 757D5EE82E492640007BB87A;
			minimizedProjectReferenceProxies = 1;
			preferredProjectObjectVersion = 77;
			productRefGroup = 757D5EF22E492640007BB87A /* Products */;
			projectDirPath = "";
			projectRoot = "";
			targets = (
				757D5EF02E492640007BB87A /* MarvelComicsStatusBar */,
				757D5EFE2E492642007BB87A /* MarvelComicsStatusBarTests */,
				757D5F082E492642007BB87A /* MarvelComicsStatusBarUITests */,
			);
		};
/* End PBXProject section */

/* Begin PBXResourcesBuildPhase section */
		757D5EEF2E492640007BB87A /* Resources */ = {
			isa = PBXResourcesBuildPhase;
			buildActionMask = 2147483647;
			files = (
			);
			runOnlyForDeploymentPostprocessing = 0;
		};
		757D5EFD2E492642007BB87A /* Resources */ = {
			isa = PBXResourcesBuildPhase;
			buildActionMask = 2147483647;
			files = (
			);
			runOnlyForDeploymentPostprocessing = 0;
		};
		757D5F072E492642007BB87A /* Resources */ = {
			isa = PBXResourcesBuildPhase;
			buildActionMask = 2147483647;
			files = (
			);
			runOnlyForDeploymentPostprocessing = 0;
		};
/* End PBXResourcesBuildPhase section */

/* Begin PBXSourcesBuildPhase section */
		757D5EED2E492640007BB87A /* Sources */ = {
			isa = PBXSourcesBuildPhase;
			buildActionMask = 2147483647;
			files = (
			);
			runOnlyForDeploymentPostprocessing = 0;
		};
		757D5EFB2E492642007BB87A /* Sources */ = {
			isa = PBXSourcesBuildPhase;
			buildActionMask = 2147483647;
			files = (
			);
			runOnlyForDeploymentPostprocessing = 0;
		};
		757D5F052E492642007BB87A /* Sources */ = {
			isa = PBXSourcesBuildPhase;
			buildActionMask = 2147483647;
			files = (
			);
			runOnlyForDeploymentPostprocessing = 0;
		};
/* End PBXSourcesBuildPhase section */

/* Begin PBXTargetDependency section */
		757D5F012E492642007BB87A /* PBXTargetDependency */ = {
			isa = PBXTargetDependency;
			target = 757D5EF02E492640007BB87A /* MarvelComicsStatusBar */;
			targetProxy = 757D5F002E492642007BB87A /* PBXContainerItemProxy */;
		};
		757D5F0B2E492642007BB87A /* PBXTargetDependency */ = {
			isa = PBXTargetDependency;
			target = 757D5EF02E492640007BB87A /* MarvelComicsStatusBar */;
			targetProxy = 757D5F0A2E492642007BB87A /* PBXContainerItemProxy */;
		};
/* End PBXTargetDependency section */

/* Begin XCBuildConfiguration section */
		757D5F112E492642007BB87A /* Debug */ = {
			isa = XCBuildConfiguration;
			buildSettings = {
				ALWAYS_SEARCH_USER_PATHS = NO;
				ASSETCATALOG_COMPILER_GENERATE_SWIFT_ASSET_SYMBOL_EXTENSIONS = YES;
				CLANG_ANALYZER_NONNULL = YES;
				CLANG_ANALYZER_NUMBER_OBJECT_CONVERSION = YES_AGGRESSIVE;
				CLANG_CXX_LANGUAGE_STANDARD = "gnu++20";
				CLANG_ENABLE_MODULES = YES;
				CLANG_ENABLE_OBJC_ARC = YES;
				CLANG_ENABLE_OBJC_WEAK = YES;
				CLANG_WARN_BLOCK_CAPTURE_AUTORELEASING = YES;
				CLANG_WARN_BOOL_CONVERSION = YES;
				CLANG_WARN_COMMA = YES;
				CLANG_WARN_CONSTANT_CONVERSION = YES;
				CLANG_WARN_DEPRECATED_OBJC_IMPLEMENTATIONS = YES;
				CLANG_WARN_DIRECT_OBJC_ISA_USAGE = YES_ERROR;
				CLANG_WARN_DOCUMENTATION_COMMENTS = YES;
				CLANG_WARN_EMPTY_BODY = YES;
				CLANG_WARN_ENUM_CONVERSION = YES;
				CLANG_WARN_INFINITE_RECURSION = YES;
				CLANG_WARN_INT_CONVERSION = YES;
				CLANG_WARN_NON_LITERAL_NULL_CONVERSION = YES;
				CLANG_WARN_OBJC_IMPLICIT_RETAIN_SELF = YES;
				CLANG_WARN_OBJC_LITERAL_CONVERSION = YES;
				CLANG_WARN_OBJC_ROOT_CLASS = YES_ERROR;
				CLANG_WARN_QUOTED_INCLUDE_IN_FRAMEWORK_HEADER = YES;
				CLANG_WARN_RANGE_LOOP_ANALYSIS = YES;
				CLANG_WARN_STRICT_PROTOTYPES = YES;
				CLANG_WARN_SUSPICIOUS_MOVE = YES;
				CLANG_WARN_UNGUARDED_AVAILABILITY = YES_AGGRESSIVE;
				CLANG_WARN_UNREACHABLE_CODE = YES;
				CLANG_WARN__DUPLICATE_METHOD_MATCH = YES;
				COPY_PHASE_STRIP = NO;
				DEBUG_INFORMATION_FORMAT = dwarf;
				ENABLE_STRICT_OBJC_MSGSEND = YES;
				ENABLE_TESTABILITY = YES;
				ENABLE_USER_SCRIPT_SANDBOXING = YES;
				GCC_C_LANGUAGE_STANDARD = gnu17;
				GCC_DYNAMIC_NO_PIC = NO;
				GCC_NO_COMMON_BLOCKS = YES;
				GCC_OPTIMIZATION_LEVEL = 0;
				GCC_PREPROCESSOR_DEFINITIONS = (
					"DEBUG=1",
					"$(inherited)",
				);
				GCC_WARN_64_TO_32_BIT_CONVERSION = YES;
				GCC_WARN_ABOUT_RETURN_TYPE = YES_ERROR;
				GCC_WARN_UNDECLARED_SELECTOR = YES;
				GCC_WARN_UNINITIALIZED_AUTOS = YES_AGGRESSIVE;
				GCC_WARN_UNUSED_FUNCTION = YES;
				GCC_WARN_UNUSED_VARIABLE = YES;
				LOCALIZATION_PREFERS_STRING_CATALOGS = YES;
				MACOSX_DEPLOYMENT_TARGET = 15.5;
				MTL_ENABLE_DEBUG_INFO = INCLUDE_SOURCE;
				MTL_FAST_MATH = YES;
				ONLY_ACTIVE_ARCH = YES;
				SDKROOT = macosx;
				SWIFT_ACTIVE_COMPILATION_CONDITIONS = "DEBUG $(inherited)";
				SWIFT_OPTIMIZATION_LEVEL = "-Onone";
			};
			name = Debug;
		};
		757D5F122E492642007BB87A /* Release */ = {
			isa = XCBuildConfiguration;
			buildSettings = {
				ALWAYS_SEARCH_USER_PATHS = NO;
				ASSETCATALOG_COMPILER_GENERATE_SWIFT_ASSET_SYMBOL_EXTENSIONS = YES;
				CLANG_ANALYZER_NONNULL = YES;
				CLANG_ANALYZER_NUMBER_OBJECT_CONVERSION = YES_AGGRESSIVE;
				CLANG_CXX_LANGUAGE_STANDARD = "gnu++20";
				CLANG_ENABLE_MODULES = YES;
				CLANG_ENABLE_OBJC_ARC = YES;
				CLANG_ENABLE_OBJC_WEAK = YES;
				CLANG_WARN_BLOCK_CAPTURE_AUTORELEASING = YES;
				CLANG_WARN_BOOL_CONVERSION = YES;
				CLANG_WARN_COMMA = YES;
				CLANG_WARN_CONSTANT_CONVERSION = YES;
				CLANG_WARN_DEPRECATED_OBJC_IMPLEMENTATIONS = YES;
				CLANG_WARN_DIRECT_OBJC_ISA_USAGE = YES_ERROR;
				CLANG_WARN_DOCUMENTATION_COMMENTS = YES;
				CLANG_WARN_EMPTY_BODY = YES;
				CLANG_WARN_ENUM_CONVERSION = YES;
				CLANG_WARN_INFINITE_RECURSION = YES;
				CLANG_WARN_INT_CONVERSION = YES;
				CLANG_WARN_NON_LITERAL_NULL_CONVERSION = YES;
				CLANG_WARN_OBJC_IMPLICIT_RETAIN_SELF = YES;
				CLANG_WARN_OBJC_LITERAL_CONVERSION = YES;
				CLANG_WARN_OBJC_ROOT_CLASS = YES_ERROR;
				CLANG_WARN_QUOTED_INCLUDE_IN_FRAMEWORK_HEADER = YES;
				CLANG_WARN_RANGE_LOOP_ANALYSIS = YES;
				CLANG_WARN_STRICT_PROTOTYPES = YES;
				CLANG_WARN_SUSPICIOUS_MOVE = YES;
				CLANG_WARN_UNGUARDED_AVAILABILITY = YES_AGGRESSIVE;
				CLANG_WARN_UNREACHABLE_CODE = YES;
				CLANG_WARN__DUPLICATE_METHOD_MATCH = YES;
				COPY_PHASE_STRIP = NO;
				DEBUG_INFORMATION_FORMAT = "dwarf-with-dsym";
				ENABLE_NS_ASSERTIONS = NO;
				ENABLE_STRICT_OBJC_MSGSEND = YES;
				ENABLE_USER_SCRIPT_SANDBOXING = YES;
				GCC_C_LANGUAGE_STANDARD = gnu17;
				GCC_NO_COMMON_BLOCKS = YES;
				GCC_WARN_64_TO_32_BIT_CONVERSION = YES;
				GCC_WARN_ABOUT_RETURN_TYPE = YES_ERROR;
				GCC_WARN_UNDECLARED_SELECTOR = YES;
				GCC_WARN_UNINITIALIZED_AUTOS = YES_AGGRESSIVE;
				GCC_WARN_UNUSED_FUNCTION = YES;
				GCC_WARN_UNUSED_VARIABLE = YES;
				LOCALIZATION_PREFERS_STRING_CATALOGS = YES;
				MACOSX_DEPLOYMENT_TARGET = 15.5;
				MTL_ENABLE_DEBUG_INFO = NO;
				MTL_FAST_MATH = YES;
				SDKROOT = macosx;
				SWIFT_COMPILATION_MODE = wholemodule;
			};
			name = Release;
		};
		757D5F142E492642007BB87A /* Debug */ = {
			isa = XCBuildConfiguration;
			buildSettings = {
				ASSETCATALOG_COMPILER_APPICON_NAME = AppIcon;
				ASSETCATALOG_COMPILER_GLOBAL_ACCENT_COLOR_NAME = AccentColor;
				CODE_SIGN_ENTITLEMENTS = MarvelComicsStatusBar/MarvelComicsStatusBar.entitlements;
				CODE_SIGN_STYLE = Automatic;
				COMBINE_HIDPI_IMAGES = YES;
				CURRENT_PROJECT_VERSION = 1;
				ENABLE_PREVIEWS = YES;
				GENERATE_INFOPLIST_FILE = YES;
				INFOPLIST_KEY_NSHumanReadableCopyright = "";
				LD_RUNPATH_SEARCH_PATHS = (
					"$(inherited)",
					"@executable_path/../Frameworks",
				);
				MARKETING_VERSION = 1.0;
				PRODUCT_BUNDLE_IDENTIFIER = rarias84.com.MarvelComicsStatusBar;
				PRODUCT_NAME = "$(TARGET_NAME)";
				REGISTER_APP_GROUPS = YES;
				SWIFT_EMIT_LOC_STRINGS = YES;
				SWIFT_VERSION = 5.0;
			};
			name = Debug;
		};
		757D5F152E492642007BB87A /* Release */ = {
			isa = XCBuildConfiguration;
			buildSettings = {
				ASSETCATALOG_COMPILER_APPICON_NAME = AppIcon;
				ASSETCATALOG_COMPILER_GLOBAL_ACCENT_COLOR_NAME = AccentColor;
				CODE_SIGN_ENTITLEMENTS = MarvelComicsStatusBar/MarvelComicsStatusBar.entitlements;
				CODE_SIGN_STYLE = Automatic;
				COMBINE_HIDPI_IMAGES = YES;
				CURRENT_PROJECT_VERSION = 1;
				ENABLE_PREVIEWS = YES;
				GENERATE_INFOPLIST_FILE = YES;
				INFOPLIST_KEY_NSHumanReadableCopyright = "";
				LD_RUNPATH_SEARCH_PATHS = (
					"$(inherited)",
					"@executable_path/../Frameworks",
				);
				MARKETING_VERSION = 1.0;
				PRODUCT_BUNDLE_IDENTIFIER = rarias84.com.MarvelComicsStatusBar;
				PRODUCT_NAME = "$(TARGET_NAME)";
				REGISTER_APP_GROUPS = YES;
				SWIFT_EMIT_LOC_STRINGS = YES;
				SWIFT_VERSION = 5.0;
			};
			name = Release;
		};
		757D5F172E492642007BB87A /* Debug */ = {
			isa = XCBuildConfiguration;
			buildSettings = {
				BUNDLE_LOADER = "$(TEST_HOST)";
				CODE_SIGN_STYLE = Automatic;
				CURRENT_PROJECT_VERSION = 1;
				GENERATE_INFOPLIST_FILE = YES;
				MACOSX_DEPLOYMENT_TARGET = 15.5;
				MARKETING_VERSION = 1.0;
				PRODUCT_BUNDLE_IDENTIFIER = rarias84.com.MarvelComicsStatusBarTests;
				PRODUCT_NAME = "$(TARGET_NAME)";
				SWIFT_EMIT_LOC_STRINGS = NO;
				SWIFT_VERSION = 5.0;
				TEST_HOST = "$(BUILT_PRODUCTS_DIR)/MarvelComicsStatusBar.app/$(BUNDLE_EXECUTABLE_FOLDER_PATH)/MarvelComicsStatusBar";
			};
			name = Debug;
		};
		757D5F182E492642007BB87A /* Release */ = {
			isa = XCBuildConfiguration;
			buildSettings = {
				BUNDLE_LOADER = "$(TEST_HOST)";
				CODE_SIGN_STYLE = Automatic;
				CURRENT_PROJECT_VERSION = 1;
				GENERATE_INFOPLIST_FILE = YES;
				MACOSX_DEPLOYMENT_TARGET = 15.5;
				MARKETING_VERSION = 1.0;
				PRODUCT_BUNDLE_IDENTIFIER = rarias84.com.MarvelComicsStatusBarTests;
				PRODUCT_NAME = "$(TARGET_NAME)";
				SWIFT_EMIT_LOC_STRINGS = NO;
				SWIFT_VERSION = 5.0;
				TEST_HOST = "$(BUILT_PRODUCTS_DIR)/MarvelComicsStatusBar.app/$(BUNDLE_EXECUTABLE_FOLDER_PATH)/MarvelComicsStatusBar";
			};
			name = Release;
		};
		757D5F1A2E492642007BB87A /* Debug */ = {
			isa = XCBuildConfiguration;
			buildSettings = {
				CODE_SIGN_STYLE = Automatic;
				CURRENT_PROJECT_VERSION = 1;
				GENERATE_INFOPLIST_FILE = YES;
				MARKETING_VERSION = 1.0;
				PRODUCT_BUNDLE_IDENTIFIER = rarias84.com.MarvelComicsStatusBarUITests;
				PRODUCT_NAME = "$(TARGET_NAME)";
				SWIFT_EMIT_LOC_STRINGS = NO;
				SWIFT_VERSION = 5.0;
				TEST_TARGET_NAME = MarvelComicsStatusBar;
			};
			name = Debug;
		};
		757D5F1B2E492642007BB87A /* Release */ = {
			isa = XCBuildConfiguration;
			buildSettings = {
				CODE_SIGN_STYLE = Automatic;
				CURRENT_PROJECT_VERSION = 1;
				GENERATE_INFOPLIST_FILE = YES;
				MARKETING_VERSION = 1.0;
				PRODUCT_BUNDLE_IDENTIFIER = rarias84.com.MarvelComicsStatusBarUITests;
				PRODUCT_NAME = "$(TARGET_NAME)";
				SWIFT_EMIT_LOC_STRINGS = NO;
				SWIFT_VERSION = 5.0;
				TEST_TARGET_NAME = MarvelComicsStatusBar;
			};
			name = Release;
		};
/* End XCBuildConfiguration section */

/* Begin XCConfigurationList section */
		757D5EEC2E492640007BB87A /* Build configuration list for PBXProject "MarvelComicsStatusBar" */ = {
			isa = XCConfigurationList;
			buildConfigurations = (
				757D5F112E492642007BB87A /* Debug */,
				757D5F122E492642007BB87A /* Release */,
			);
			defaultConfigurationIsVisible = 0;
			defaultConfigurationName = Release;
		};
		757D5F132E492642007BB87A /* Build configuration list for PBXNativeTarget "MarvelComicsStatusBar" */ = {
			isa = XCConfigurationList;
			buildConfigurations = (
				757D5F142E492642007BB87A /* Debug */,
				757D5F152E492642007BB87A /* Release */,
			);
			defaultConfigurationIsVisible = 0;
			defaultConfigurationName = Release;
		};
		757D5F162E492642007BB87A /* Build configuration list for PBXNativeTarget "MarvelComicsStatusBarTests" */ = {
			isa = XCConfigurationList;
			buildConfigurations = (
				757D5F172E492642007BB87A /* Debug */,
				757D5F182E492642007BB87A /* Release */,
			);
			defaultConfigurationIsVisible = 0;
			defaultConfigurationName = Release;
		};
		757D5F192E492642007BB87A /* Build configuration list for PBXNativeTarget "MarvelComicsStatusBarUITests" */ = {
			isa = XCConfigurationList;
			buildConfigurations = (
				757D5F1A2E492642007BB87A /* Debug */,
				757D5F1B2E492642007BB87A /* Release */,
			);
			defaultConfigurationIsVisible = 0;
			defaultConfigurationName = Release;
		};
/* End XCConfigurationList section */
	};
	rootObject = 757D5EE92E492640007BB87A /* Project object */;
}
